
Microsoft Visual Studio Solution File, Format Version 12.00
# Visual Studio 15
VisualStudioVersion = 15.0.27130.2026
MinimumVisualStudioVersion = 10.0.40219.1
Project("{FAE04EC0-301F-11D3-BF4B-00C04F79EFBC}") = "MyGame", "MyGame\MyGame.csproj", "{C676359D-27E7-4F41-809F-B605B624CF27}"
EndProject
Global
	GlobalSection(SolutionConfigurationPlatforms) = preSolution
		Debug|Any CPU = Debug|Any CPU
		Release|Any CPU = Release|Any CPU
	EndGlobalSection
	GlobalSection(ProjectConfigurationPlatforms) = postSolution
		{C676359D-27E7-4F41-809F-B605B624CF27}.Debug|Any CPU.ActiveCfg = Debug|Any CPU
		{C676359D-27E7-4F41-809F-B605B624CF27}.Debug|Any CPU.Build.0 = Debug|Any CPU
		{C676359D-27E7-4F41-809F-B605B624CF27}.Release|Any CPU.ActiveCfg = Release|Any CPU
		{C676359D-27E7-4F41-809F-B605B624CF27}.Release|Any CPU.Build.0 = Release|Any CPU
	EndGlobalSection
	GlobalSection(SolutionProperties) = preSolution
		HideSolutionNode = FALSE
	EndGlobalSection
	GlobalSection(ExtensibilityGlobals) = postSolution
		SolutionGuid = {49FE3356-7B6B-466C-93BF-390E87056D48}
	EndGlobalSection
EndGlobal
